
Microsoft Visual Studio Solution File, Format Version 12.00
# Visual Studio Version 17
VisualStudioVersion = 17.14.36310.24 d17.14
MinimumVisualStudioVersion = 10.0.40219.1
Project("{FAE04EC0-301F-11D3-BF4B-00C04F79EFBC}") = "Demo_Getting_Started with Array", "Demo_Getting_Started with Array.csproj", "{2600AB61-BA56-48E1-9339-8B1A1CB1687A}"
EndProject
Global
	GlobalSection(SolutionConfigurationPlatforms) = preSolution
		Debug|Any CPU = Debug|Any CPU
		Release|Any CPU = Release|Any CPU
	EndGlobalSection
	GlobalSection(ProjectConfigurationPlatforms) = postSolution
		{2600AB61-BA56-48E1-9339-8B1A1CB1687A}.Debug|Any CPU.ActiveCfg = Debug|Any CPU
		{2600AB61-BA56-48E1-9339-8B1A1CB1687A}.Debug|Any CPU.Build.0 = Debug|Any CPU
		{2600AB61-BA56-48E1-9339-8B1A1CB1687A}.Release|Any CPU.ActiveCfg = Release|Any CPU
		{2600AB61-BA56-48E1-9339-8B1A1CB1687A}.Release|Any CPU.Build.0 = Release|Any CPU
	EndGlobalSection
	GlobalSection(SolutionProperties) = preSolution
		HideSolutionNode = FALSE
	EndGlobalSection
	GlobalSection(ExtensibilityGlobals) = postSolution
		SolutionGuid = {39D72D26-9660-4400-B880-B695CBFF5B2A}
	EndGlobalSection
EndGlobal
